
Microsoft Visual Studio Solution File, Format Version 12.00
# Visual Studio Version 16
VisualStudioVersion = 16.0.31321.278
MinimumVisualStudioVersion = 10.0.40219.1
Project("{9A19103F-16F7-4668-BE54-9A1E7A4F7556}") = "ResistorColorTrio", "ResistorColorTrio.csproj", "{B4BB3FD8-429F-42FE-A41D-2C805AC8DB65}"
EndProject
Global
	GlobalSection(SolutionConfigurationPlatforms) = preSolution
		Debug|Any CPU = Debug|Any CPU
		Release|Any CPU = Release|Any CPU
	EndGlobalSection
	GlobalSection(ProjectConfigurationPlatforms) = postSolution
		{B4BB3FD8-429F-42FE-A41D-2C805AC8DB65}.Debug|Any CPU.ActiveCfg = Debug|Any CPU
		{B4BB3FD8-429F-42FE-A41D-2C805AC8DB65}.Debug|Any CPU.Build.0 = Debug|Any CPU
		{B4BB3FD8-429F-42FE-A41D-2C805AC8DB65}.Release|Any CPU.ActiveCfg = Release|Any CPU
		{B4BB3FD8-429F-42FE-A41D-2C805AC8DB65}.Release|Any CPU.Build.0 = Release|Any CPU
	EndGlobalSection
	GlobalSection(SolutionProperties) = preSolution
		HideSolutionNode = FALSE
	EndGlobalSection
	GlobalSection(ExtensibilityGlobals) = postSolution
		SolutionGuid = {BFD18695-C8CF-4DFF-B6CE-4E9EBAF60304}
	EndGlobalSection
EndGlobal
