
Microsoft Visual Studio Solution File, Format Version 12.00
# Visual Studio Version 16
VisualStudioVersion = 16.0.31321.278
MinimumVisualStudioVersion = 10.0.40219.1
Project("{9A19103F-16F7-4668-BE54-9A1E7A4F7556}") = "PerfectNumbers", "PerfectNumbers.csproj", "{2979A477-E753-45B5-98A5-E097FD5D7D73}"
EndProject
Global
	GlobalSection(SolutionConfigurationPlatforms) = preSolution
		Debug|Any CPU = Debug|Any CPU
		Release|Any CPU = Release|Any CPU
	EndGlobalSection
	GlobalSection(ProjectConfigurationPlatforms) = postSolution
		{2979A477-E753-45B5-98A5-E097FD5D7D73}.Debug|Any CPU.ActiveCfg = Debug|Any CPU
		{2979A477-E753-45B5-98A5-E097FD5D7D73}.Debug|Any CPU.Build.0 = Debug|Any CPU
		{2979A477-E753-45B5-98A5-E097FD5D7D73}.Release|Any CPU.ActiveCfg = Release|Any CPU
		{2979A477-E753-45B5-98A5-E097FD5D7D73}.Release|Any CPU.Build.0 = Release|Any CPU
	EndGlobalSection
	GlobalSection(SolutionProperties) = preSolution
		HideSolutionNode = FALSE
	EndGlobalSection
	GlobalSection(ExtensibilityGlobals) = postSolution
		SolutionGuid = {1A1488E7-EC9D-4D05-81F4-5A396EE6DE6E}
	EndGlobalSection
EndGlobal
