
Microsoft Visual Studio Solution File, Format Version 12.00
# Visual Studio Version 16
VisualStudioVersion = 16.0.31321.278
MinimumVisualStudioVersion = 10.0.40219.1
Project("{9A19103F-16F7-4668-BE54-9A1E7A4F7556}") = "TwoFer", "TwoFer.csproj", "{5FA405CF-37F3-488C-B47D-93FEFFD939DB}"
EndProject
Global
	GlobalSection(SolutionConfigurationPlatforms) = preSolution
		Debug|Any CPU = Debug|Any CPU
		Release|Any CPU = Release|Any CPU
	EndGlobalSection
	GlobalSection(ProjectConfigurationPlatforms) = postSolution
		{5FA405CF-37F3-488C-B47D-93FEFFD939DB}.Debug|Any CPU.ActiveCfg = Debug|Any CPU
		{5FA405CF-37F3-488C-B47D-93FEFFD939DB}.Debug|Any CPU.Build.0 = Debug|Any CPU
		{5FA405CF-37F3-488C-B47D-93FEFFD939DB}.Release|Any CPU.ActiveCfg = Release|Any CPU
		{5FA405CF-37F3-488C-B47D-93FEFFD939DB}.Release|Any CPU.Build.0 = Release|Any CPU
	EndGlobalSection
	GlobalSection(SolutionProperties) = preSolution
		HideSolutionNode = FALSE
	EndGlobalSection
	GlobalSection(ExtensibilityGlobals) = postSolution
		SolutionGuid = {4F0F478D-B640-4902-A16F-1643BE7D8F53}
	EndGlobalSection
EndGlobal
