
Microsoft Visual Studio Solution File, Format Version 12.00
# Visual Studio Version 16
VisualStudioVersion = 16.0.31410.357
MinimumVisualStudioVersion = 10.0.40219.1
Project("{9A19103F-16F7-4668-BE54-9A1E7A4F7556}") = "Matrix", "Matrix.csproj", "{F6898F6B-7A80-43ED-95AF-DA5BFCC33FAA}"
EndProject
Global
	GlobalSection(SolutionConfigurationPlatforms) = preSolution
		Debug|Any CPU = Debug|Any CPU
		Release|Any CPU = Release|Any CPU
	EndGlobalSection
	GlobalSection(ProjectConfigurationPlatforms) = postSolution
		{F6898F6B-7A80-43ED-95AF-DA5BFCC33FAA}.Debug|Any CPU.ActiveCfg = Debug|Any CPU
		{F6898F6B-7A80-43ED-95AF-DA5BFCC33FAA}.Debug|Any CPU.Build.0 = Debug|Any CPU
		{F6898F6B-7A80-43ED-95AF-DA5BFCC33FAA}.Release|Any CPU.ActiveCfg = Release|Any CPU
		{F6898F6B-7A80-43ED-95AF-DA5BFCC33FAA}.Release|Any CPU.Build.0 = Release|Any CPU
	EndGlobalSection
	GlobalSection(SolutionProperties) = preSolution
		HideSolutionNode = FALSE
	EndGlobalSection
	GlobalSection(ExtensibilityGlobals) = postSolution
		SolutionGuid = {9B3350D0-8D20-42E0-A63C-C96C4581F408}
	EndGlobalSection
EndGlobal
