
Microsoft Visual Studio Solution File, Format Version 12.00
# Visual Studio Version 16
VisualStudioVersion = 16.0.31402.337
MinimumVisualStudioVersion = 10.0.40219.1
Project("{9A19103F-16F7-4668-BE54-9A1E7A4F7556}") = "RobotSimulator", "RobotSimulator.csproj", "{4FEF776B-1B5A-4752-AB79-3DCC65362721}"
EndProject
Global
	GlobalSection(SolutionConfigurationPlatforms) = preSolution
		Debug|Any CPU = Debug|Any CPU
		Release|Any CPU = Release|Any CPU
	EndGlobalSection
	GlobalSection(ProjectConfigurationPlatforms) = postSolution
		{4FEF776B-1B5A-4752-AB79-3DCC65362721}.Debug|Any CPU.ActiveCfg = Debug|Any CPU
		{4FEF776B-1B5A-4752-AB79-3DCC65362721}.Debug|Any CPU.Build.0 = Debug|Any CPU
		{4FEF776B-1B5A-4752-AB79-3DCC65362721}.Release|Any CPU.ActiveCfg = Release|Any CPU
		{4FEF776B-1B5A-4752-AB79-3DCC65362721}.Release|Any CPU.Build.0 = Release|Any CPU
	EndGlobalSection
	GlobalSection(SolutionProperties) = preSolution
		HideSolutionNode = FALSE
	EndGlobalSection
	GlobalSection(ExtensibilityGlobals) = postSolution
		SolutionGuid = {84D6315A-AE4F-4A75-9D6B-AB53C5121841}
	EndGlobalSection
EndGlobal
